
Microsoft Visual Studio Solution File, Format Version 12.00
# Visual Studio Version 17
VisualStudioVersion = 17.0.32014.148
MinimumVisualStudioVersion = 10.0.40219.1
Project("{9A19103F-16F7-4668-BE54-9A1E7A4F7556}") = "Core.Maybe", "Core.Maybe\Core.Maybe.csproj", "{4B1D16A8-8843-4445-BD1C-C8AC4E191768}"
EndProject
Project("{9A19103F-16F7-4668-BE54-9A1E7A4F7556}") = "Core.Maybe.Json", "Core.Maybe.Json\Core.Maybe.Json.csproj", "{690E7181-7B89-41A5-9CCC-3C566CCA5923}"
EndProject
Project("{9A19103F-16F7-4668-BE54-9A1E7A4F7556}") = "Core.Maybe.NTests", "Core.Maybe.NTests\Core.Maybe.NTests.csproj", "{BB126D54-3D67-4ACD-BC7B-AACE4CDB5733}"
EndProject
Project("{2150E333-8FDC-42A3-9474-1A3956D46DE8}") = "SolutionFiles", "SolutionFiles", "{56A6D82C-8031-4F18-A3EB-447D42760A96}"
	ProjectSection(SolutionItems) = preProject
		.gitattributes = .gitattributes
		.gitignore = .gitignore
		License.txt = License.txt
		Readme.md = Readme.md
	EndProjectSection
EndProject
Global
	GlobalSection(SolutionConfigurationPlatforms) = preSolution
		Debug|Any CPU = Debug|Any CPU
		Release|Any CPU = Release|Any CPU
	EndGlobalSection
	GlobalSection(ProjectConfigurationPlatforms) = postSolution
		{4B1D16A8-8843-4445-BD1C-C8AC4E191768}.Debug|Any CPU.ActiveCfg = Debug|Any CPU
		{4B1D16A8-8843-4445-BD1C-C8AC4E191768}.Debug|Any CPU.Build.0 = Debug|Any CPU
		{4B1D16A8-8843-4445-BD1C-C8AC4E191768}.Release|Any CPU.ActiveCfg = Release|Any CPU
		{4B1D16A8-8843-4445-BD1C-C8AC4E191768}.Release|Any CPU.Build.0 = Release|Any CPU
		{690E7181-7B89-41A5-9CCC-3C566CCA5923}.Debug|Any CPU.ActiveCfg = Debug|Any CPU
		{690E7181-7B89-41A5-9CCC-3C566CCA5923}.Debug|Any CPU.Build.0 = Debug|Any CPU
		{690E7181-7B89-41A5-9CCC-3C566CCA5923}.Release|Any CPU.ActiveCfg = Release|Any CPU
		{690E7181-7B89-41A5-9CCC-3C566CCA5923}.Release|Any CPU.Build.0 = Release|Any CPU
		{BB126D54-3D67-4ACD-BC7B-AACE4CDB5733}.Debug|Any CPU.ActiveCfg = Debug|Any CPU
		{BB126D54-3D67-4ACD-BC7B-AACE4CDB5733}.Debug|Any CPU.Build.0 = Debug|Any CPU
		{BB126D54-3D67-4ACD-BC7B-AACE4CDB5733}.Release|Any CPU.ActiveCfg = Release|Any CPU
		{BB126D54-3D67-4ACD-BC7B-AACE4CDB5733}.Release|Any CPU.Build.0 = Release|Any CPU
	EndGlobalSection
	GlobalSection(SolutionProperties) = preSolution
		HideSolutionNode = FALSE
	EndGlobalSection
	GlobalSection(ExtensibilityGlobals) = postSolution
		SolutionGuid = {47F08332-8FBE-49DD-A876-B3A460EAB9E0}
	EndGlobalSection
EndGlobal
